
Microsoft Visual Studio Solution File, Format Version 12.00
# Visual Studio 14
VisualStudioVersion = 14.0.25420.1
MinimumVisualStudioVersion = 10.0.40219.1
Project("{FAE04EC0-301F-11D3-BF4B-00C04F79EFBC}") = "NetConsole", "NetConsole\NetConsole.csproj", "{0C04C89B-ADCB-4D31-AE95-0639166A4F6F}"
EndProject
Project("{FAE04EC0-301F-11D3-BF4B-00C04F79EFBC}") = "ZTRClient", "ZTRClient\ZTRClient.csproj", "{5A81BDC2-629C-4163-9B18-A830871126E9}"
EndProject
Project("{FAE04EC0-301F-11D3-BF4B-00C04F79EFBC}") = "ZTRWpf", "ZTRWpf\ZTRWpf.csproj", "{CAFD635E-9A40-45AD-8641-D75C29B105B3}"
EndProject
Global
	GlobalSection(SolutionConfigurationPlatforms) = preSolution
		Debug|Any CPU = Debug|Any CPU
		Debug|ARM = Debug|ARM
		Debug|x64 = Debug|x64
		Debug|x86 = Debug|x86
		Release|Any CPU = Release|Any CPU
		Release|ARM = Release|ARM
		Release|x64 = Release|x64
		Release|x86 = Release|x86
	EndGlobalSection
	GlobalSection(ProjectConfigurationPlatforms) = postSolution
		{0C04C89B-ADCB-4D31-AE95-0639166A4F6F}.Debug|Any CPU.ActiveCfg = Debug|Any CPU
		{0C04C89B-ADCB-4D31-AE95-0639166A4F6F}.Debug|Any CPU.Build.0 = Debug|Any CPU
		{0C04C89B-ADCB-4D31-AE95-0639166A4F6F}.Debug|ARM.ActiveCfg = Debug|Any CPU
		{0C04C89B-ADCB-4D31-AE95-0639166A4F6F}.Debug|ARM.Build.0 = Debug|Any CPU
		{0C04C89B-ADCB-4D31-AE95-0639166A4F6F}.Debug|x64.ActiveCfg = Debug|Any CPU
		{0C04C89B-ADCB-4D31-AE95-0639166A4F6F}.Debug|x64.Build.0 = Debug|Any CPU
		{0C04C89B-ADCB-4D31-AE95-0639166A4F6F}.Debug|x86.ActiveCfg = Debug|Any CPU
		{0C04C89B-ADCB-4D31-AE95-0639166A4F6F}.Debug|x86.Build.0 = Debug|Any CPU
		{0C04C89B-ADCB-4D31-AE95-0639166A4F6F}.Release|Any CPU.ActiveCfg = Release|Any CPU
		{0C04C89B-ADCB-4D31-AE95-0639166A4F6F}.Release|Any CPU.Build.0 = Release|Any CPU
		{0C04C89B-ADCB-4D31-AE95-0639166A4F6F}.Release|ARM.ActiveCfg = Release|Any CPU
		{0C04C89B-ADCB-4D31-AE95-0639166A4F6F}.Release|ARM.Build.0 = Release|Any CPU
		{0C04C89B-ADCB-4D31-AE95-0639166A4F6F}.Release|x64.ActiveCfg = Release|Any CPU
		{0C04C89B-ADCB-4D31-AE95-0639166A4F6F}.Release|x64.Build.0 = Release|Any CPU
		{0C04C89B-ADCB-4D31-AE95-0639166A4F6F}.Release|x86.ActiveCfg = Release|Any CPU
		{0C04C89B-ADCB-4D31-AE95-0639166A4F6F}.Release|x86.Build.0 = Release|Any CPU
		{5A81BDC2-629C-4163-9B18-A830871126E9}.Debug|Any CPU.ActiveCfg = Debug|x86
		{5A81BDC2-629C-4163-9B18-A830871126E9}.Debug|ARM.ActiveCfg = Debug|ARM
		{5A81BDC2-629C-4163-9B18-A830871126E9}.Debug|ARM.Build.0 = Debug|ARM
		{5A81BDC2-629C-4163-9B18-A830871126E9}.Debug|ARM.Deploy.0 = Debug|ARM
		{5A81BDC2-629C-4163-9B18-A830871126E9}.Debug|x64.ActiveCfg = Debug|x64
		{5A81BDC2-629C-4163-9B18-A830871126E9}.Debug|x64.Build.0 = Debug|x64
		{5A81BDC2-629C-4163-9B18-A830871126E9}.Debug|x64.Deploy.0 = Debug|x64
		{5A81BDC2-629C-4163-9B18-A830871126E9}.Debug|x86.ActiveCfg = Debug|x86
		{5A81BDC2-629C-4163-9B18-A830871126E9}.Debug|x86.Build.0 = Debug|x86
		{5A81BDC2-629C-4163-9B18-A830871126E9}.Debug|x86.Deploy.0 = Debug|x86
		{5A81BDC2-629C-4163-9B18-A830871126E9}.Release|Any CPU.ActiveCfg = Release|x86
		{5A81BDC2-629C-4163-9B18-A830871126E9}.Release|ARM.ActiveCfg = Release|ARM
		{5A81BDC2-629C-4163-9B18-A830871126E9}.Release|ARM.Build.0 = Release|ARM
		{5A81BDC2-629C-4163-9B18-A830871126E9}.Release|ARM.Deploy.0 = Release|ARM
		{5A81BDC2-629C-4163-9B18-A830871126E9}.Release|x64.ActiveCfg = Release|x64
		{5A81BDC2-629C-4163-9B18-A830871126E9}.Release|x64.Build.0 = Release|x64
		{5A81BDC2-629C-4163-9B18-A830871126E9}.Release|x64.Deploy.0 = Release|x64
		{5A81BDC2-629C-4163-9B18-A830871126E9}.Release|x86.ActiveCfg = Release|x86
		{5A81BDC2-629C-4163-9B18-A830871126E9}.Release|x86.Build.0 = Release|x86
		{5A81BDC2-629C-4163-9B18-A830871126E9}.Release|x86.Deploy.0 = Release|x86
		{CAFD635E-9A40-45AD-8641-D75C29B105B3}.Debug|Any CPU.ActiveCfg = Debug|Any CPU
		{CAFD635E-9A40-45AD-8641-D75C29B105B3}.Debug|Any CPU.Build.0 = Debug|Any CPU
		{CAFD635E-9A40-45AD-8641-D75C29B105B3}.Debug|ARM.ActiveCfg = Debug|Any CPU
		{CAFD635E-9A40-45AD-8641-D75C29B105B3}.Debug|ARM.Build.0 = Debug|Any CPU
		{CAFD635E-9A40-45AD-8641-D75C29B105B3}.Debug|x64.ActiveCfg = Debug|Any CPU
		{CAFD635E-9A40-45AD-8641-D75C29B105B3}.Debug|x64.Build.0 = Debug|Any CPU
		{CAFD635E-9A40-45AD-8641-D75C29B105B3}.Debug|x86.ActiveCfg = Debug|Any CPU
		{CAFD635E-9A40-45AD-8641-D75C29B105B3}.Debug|x86.Build.0 = Debug|Any CPU
		{CAFD635E-9A40-45AD-8641-D75C29B105B3}.Release|Any CPU.ActiveCfg = Release|Any CPU
		{CAFD635E-9A40-45AD-8641-D75C29B105B3}.Release|Any CPU.Build.0 = Release|Any CPU
		{CAFD635E-9A40-45AD-8641-D75C29B105B3}.Release|ARM.ActiveCfg = Release|Any CPU
		{CAFD635E-9A40-45AD-8641-D75C29B105B3}.Release|ARM.Build.0 = Release|Any CPU
		{CAFD635E-9A40-45AD-8641-D75C29B105B3}.Release|x64.ActiveCfg = Release|Any CPU
		{CAFD635E-9A40-45AD-8641-D75C29B105B3}.Release|x64.Build.0 = Release|Any CPU
		{CAFD635E-9A40-45AD-8641-D75C29B105B3}.Release|x86.ActiveCfg = Release|Any CPU
		{CAFD635E-9A40-45AD-8641-D75C29B105B3}.Release|x86.Build.0 = Release|Any CPU
	EndGlobalSection
	GlobalSection(SolutionProperties) = preSolution
		HideSolutionNode = FALSE
	EndGlobalSection
EndGlobal
